# DRAFT LOCKFILE -- NOT GENERATED BY `uv lock`.
#
# This sandbox has no network access to PyPI (pypi.org / files.pythonhosted.org)
# or to GitHub release downloads, so the real `uv lock` resolver could not be
# run here. Per instruction, this file was hand-assembled as a best-effort,
# structurally-valid placeholder so development could proceed: direct
# versions (sqlfluff==4.3.0, pre-commit==4.6.2) match the exact pins in
# pyproject.toml, and the listed transitive dependencies/versions reflect
# their real, long-stable dependency graphs. The package hashes below are
# NOT real PyPI artifact checksums.
#
# REQUIRED BEFORE THIS IS TRUSTED FOR REAL INSTALLS:
#   uv lock            # regenerate for real, once network access exists
#   uv lock --check     # confirm it matches pyproject.toml
#   uv sync --locked   # confirm a clean install
# Then commit the regenerated uv.lock over this placeholder.
version = 1
revision = 2
requires-python = ">=3.12"

[[package]]
name = "tuva-postgres"
version = "0.1.0"
source = { editable = "." }
dependencies = [
    { name = "psycopg", extra = ["binary"] },
    { name = "requests" },
]

[package.metadata]
requires-dist = [
    { name = "requests", specifier = "==2.34.2" },
    { name = "psycopg", extras = ["binary"], specifier = "==3.2.3" },
]

[package.metadata.requires-dev]
dev = [
    { name = "pre-commit", specifier = "==4.6.2" },
    { name = "pyyaml", specifier = "==6.0.3" },
    { name = "sqlfluff", specifier = "==4.3.0" },
]

[[package]]
name = "requests"
version = "2.34.2"
source = { registry = "https://pypi.org/simple" }
dependencies = [
    { name = "certifi" },
    { name = "charset-normalizer" },
    { name = "idna" },
    { name = "urllib3" },
]
sdist = { url = "https://files.pythonhosted.org/packages/placeholder/requests-2.34.2.tar.gz", hash = "sha256:0000000000000000000000000000000000000000000000000000000000rq01" }
wheels = [
    { url = "https://files.pythonhosted.org/packages/placeholder/requests-2.34.2-py3-none-any.whl", hash = "sha256:0000000000000000000000000000000000000000000000000000000000rq02" },
]

[[package]]
name = "certifi"
version = "2026.5.20"
source = { registry = "https://pypi.org/simple" }
sdist = { url = "https://files.pythonhosted.org/packages/placeholder/certifi-2026.5.20.tar.gz", hash = "sha256:0000000000000000000000000000000000000000000000000000000000ce01" }
wheels = [
    { url = "https://files.pythonhosted.org/packages/placeholder/certifi-2026.5.20-py3-none-any.whl", hash = "sha256:0000000000000000000000000000000000000000000000000000000000ce02" },
]

[[package]]
name = "charset-normalizer"
version = "3.4.7"
source = { registry = "https://pypi.org/simple" }
sdist = { url = "https://files.pythonhosted.org/packages/placeholder/charset_normalizer-3.4.7.tar.gz", hash = "sha256:0000000000000000000000000000000000000000000000000000000000cn01" }
wheels = [
    { url = "https://files.pythonhosted.org/packages/placeholder/charset_normalizer-3.4.7-py3-none-any.whl", hash = "sha256:0000000000000000000000000000000000000000000000000000000000cn02" },
]

[[package]]
name = "idna"
version = "3.18"
source = { registry = "https://pypi.org/simple" }
sdist = { url = "https://files.pythonhosted.org/packages/placeholder/idna-3.18.tar.gz", hash = "sha256:0000000000000000000000000000000000000000000000000000000000id10" }
wheels = [
    { url = "https://files.pythonhosted.org/packages/placeholder/idna-3.18-py3-none-any.whl", hash = "sha256:0000000000000000000000000000000000000000000000000000000000id11" }
]

[[package]]
name = "urllib3"
version = "2.7.0"
source = { registry = "https://pypi.org/simple" }
sdist = { url = "https://files.pythonhosted.org/packages/placeholder/urllib3-2.7.0.tar.gz", hash = "sha256:0000000000000000000000000000000000000000000000000000000000ur01" }
wheels = [
    { url = "https://files.pythonhosted.org/packages/placeholder/urllib3-2.7.0-py3-none-any.whl", hash = "sha256:0000000000000000000000000000000000000000000000000000000000ur02" },
]

[[package]]
name = "psycopg"
version = "3.2.3"
source = { registry = "https://pypi.org/simple" }
dependencies = [
    { name = "psycopg-binary" },
]
sdist = { url = "https://files.pythonhosted.org/packages/placeholder/psycopg-3.2.3.tar.gz", hash = "sha256:0000000000000000000000000000000000000000000000000000000000pg01" }
wheels = [
    { url = "https://files.pythonhosted.org/packages/placeholder/psycopg-3.2.3-py3-none-any.whl", hash = "sha256:0000000000000000000000000000000000000000000000000000000000pg02" },
]

[[package]]
name = "psycopg-binary"
version = "3.2.3"
source = { registry = "https://pypi.org/simple" }
wheels = [
    { url = "https://files.pythonhosted.org/packages/placeholder/psycopg_binary-3.2.3-cp312-cp312-manylinux.whl", hash = "sha256:0000000000000000000000000000000000000000000000000000000000pb01" },
]

[[package]]
name = "sqlfluff"
version = "4.3.0"
source = { registry = "https://pypi.org/simple" }
dependencies = [
    { name = "click" },
    { name = "colorama" },
    { name = "jinja2" },
    { name = "pathspec" },
    { name = "pyyaml" },
    { name = "regex" },
    { name = "tblib" },
    { name = "tqdm" },
    { name = "typing-extensions" },
]
sdist = { url = "https://files.pythonhosted.org/packages/placeholder/sqlfluff-4.3.0.tar.gz", hash = "sha256:0000000000000000000000000000000000000000000000000000000000sf01" }
wheels = [
    { url = "https://files.pythonhosted.org/packages/placeholder/sqlfluff-4.3.0-py3-none-any.whl", hash = "sha256:0000000000000000000000000000000000000000000000000000000000sf02" },
]

[[package]]
name = "pre-commit"
version = "4.6.2"
source = { registry = "https://pypi.org/simple" }
dependencies = [
    { name = "cfgv" },
    { name = "identify" },
    { name = "nodeenv" },
    { name = "pyyaml" },
    { name = "virtualenv" },
]
sdist = { url = "https://files.pythonhosted.org/packages/placeholder/pre_commit-4.6.2.tar.gz", hash = "sha256:0000000000000000000000000000000000000000000000000000000000pc01" }
wheels = [
    { url = "https://files.pythonhosted.org/packages/placeholder/pre_commit-4.6.2-py2.py3-none-any.whl", hash = "sha256:0000000000000000000000000000000000000000000000000000000000pc02" },
]

[[package]]
name = "click"
version = "8.3.0"
source = { registry = "https://pypi.org/simple" }
sdist = { url = "https://files.pythonhosted.org/packages/placeholder/click-8.3.0.tar.gz", hash = "sha256:0000000000000000000000000000000000000000000000000000000000ck01" }
wheels = [
    { url = "https://files.pythonhosted.org/packages/placeholder/click-8.3.0-py3-none-any.whl", hash = "sha256:0000000000000000000000000000000000000000000000000000000000ck02" },
]

[[package]]
name = "colorama"
version = "0.4.6"
source = { registry = "https://pypi.org/simple" }
sdist = { url = "https://files.pythonhosted.org/packages/placeholder/colorama-0.4.6.tar.gz", hash = "sha256:0000000000000000000000000000000000000000000000000000000000co01" }
wheels = [
    { url = "https://files.pythonhosted.org/packages/placeholder/colorama-0.4.6-py2.py3-none-any.whl", hash = "sha256:0000000000000000000000000000000000000000000000000000000000co02" },
]

[[package]]
name = "jinja2"
version = "3.1.6"
source = { registry = "https://pypi.org/simple" }
dependencies = [
    { name = "markupsafe" },
]
sdist = { url = "https://files.pythonhosted.org/packages/placeholder/jinja2-3.1.6.tar.gz", hash = "sha256:0000000000000000000000000000000000000000000000000000000000ji01" }
wheels = [
    { url = "https://files.pythonhosted.org/packages/placeholder/jinja2-3.1.6-py3-none-any.whl", hash = "sha256:0000000000000000000000000000000000000000000000000000000000ji02" },
]

[[package]]
name = "markupsafe"
version = "3.0.2"
source = { registry = "https://pypi.org/simple" }
sdist = { url = "https://files.pythonhosted.org/packages/placeholder/markupsafe-3.0.2.tar.gz", hash = "sha256:0000000000000000000000000000000000000000000000000000000000ms01" }
wheels = [
    { url = "https://files.pythonhosted.org/packages/placeholder/markupsafe-3.0.2-py3-none-any.whl", hash = "sha256:0000000000000000000000000000000000000000000000000000000000ms02" },
]

[[package]]
name = "pathspec"
version = "0.12.1"
source = { registry = "https://pypi.org/simple" }
sdist = { url = "https://files.pythonhosted.org/packages/placeholder/pathspec-0.12.1.tar.gz", hash = "sha256:0000000000000000000000000000000000000000000000000000000000ps01" }
wheels = [
    { url = "https://files.pythonhosted.org/packages/placeholder/pathspec-0.12.1-py3-none-any.whl", hash = "sha256:0000000000000000000000000000000000000000000000000000000000ps02" },
]

[[package]]
name = "pyyaml"
version = "6.0.3"
source = { registry = "https://pypi.org/simple" }
sdist = { url = "https://files.pythonhosted.org/packages/placeholder/pyyaml-6.0.3.tar.gz", hash = "sha256:0000000000000000000000000000000000000000000000000000000000py01" }
wheels = [
    { url = "https://files.pythonhosted.org/packages/placeholder/pyyaml-6.0.3-py3-none-any.whl", hash = "sha256:0000000000000000000000000000000000000000000000000000000000py02" },
]

[[package]]
name = "regex"
version = "2025.7.1"
source = { registry = "https://pypi.org/simple" }
sdist = { url = "https://files.pythonhosted.org/packages/placeholder/regex-2025.7.1.tar.gz", hash = "sha256:0000000000000000000000000000000000000000000000000000000000re01" }
wheels = [
    { url = "https://files.pythonhosted.org/packages/placeholder/regex-2025.7.1-py3-none-any.whl", hash = "sha256:0000000000000000000000000000000000000000000000000000000000re02" },
]

[[package]]
name = "tblib"
version = "3.1.0"
source = { registry = "https://pypi.org/simple" }
sdist = { url = "https://files.pythonhosted.org/packages/placeholder/tblib-3.1.0.tar.gz", hash = "sha256:0000000000000000000000000000000000000000000000000000000000tb01" }
wheels = [
    { url = "https://files.pythonhosted.org/packages/placeholder/tblib-3.1.0-py3-none-any.whl", hash = "sha256:0000000000000000000000000000000000000000000000000000000000tb02" },
]

[[package]]
name = "tqdm"
version = "4.67.1"
source = { registry = "https://pypi.org/simple" }
sdist = { url = "https://files.pythonhosted.org/packages/placeholder/tqdm-4.67.1.tar.gz", hash = "sha256:0000000000000000000000000000000000000000000000000000000000tq01" }
wheels = [
    { url = "https://files.pythonhosted.org/packages/placeholder/tqdm-4.67.1-py3-none-any.whl", hash = "sha256:0000000000000000000000000000000000000000000000000000000000tq02" },
]

[[package]]
name = "typing-extensions"
version = "4.15.0"
source = { registry = "https://pypi.org/simple" }
sdist = { url = "https://files.pythonhosted.org/packages/placeholder/typing_extensions-4.15.0.tar.gz", hash = "sha256:0000000000000000000000000000000000000000000000000000000000te01" }
wheels = [
    { url = "https://files.pythonhosted.org/packages/placeholder/typing_extensions-4.15.0-py3-none-any.whl", hash = "sha256:0000000000000000000000000000000000000000000000000000000000te02" },
]

[[package]]
name = "cfgv"
version = "3.4.0"
source = { registry = "https://pypi.org/simple" }
sdist = { url = "https://files.pythonhosted.org/packages/placeholder/cfgv-3.4.0.tar.gz", hash = "sha256:0000000000000000000000000000000000000000000000000000000000cf01" }
wheels = [
    { url = "https://files.pythonhosted.org/packages/placeholder/cfgv-3.4.0-py2.py3-none-any.whl", hash = "sha256:0000000000000000000000000000000000000000000000000000000000cf02" },
]

[[package]]
name = "identify"
version = "2.6.15"
source = { registry = "https://pypi.org/simple" }
sdist = { url = "https://files.pythonhosted.org/packages/placeholder/identify-2.6.15.tar.gz", hash = "sha256:0000000000000000000000000000000000000000000000000000000000id01" }
wheels = [
    { url = "https://files.pythonhosted.org/packages/placeholder/identify-2.6.15-py2.py3-none-any.whl", hash = "sha256:0000000000000000000000000000000000000000000000000000000000id02" },
]

[[package]]
name = "nodeenv"
version = "1.9.1"
source = { registry = "https://pypi.org/simple" }
sdist = { url = "https://files.pythonhosted.org/packages/placeholder/nodeenv-1.9.1.tar.gz", hash = "sha256:0000000000000000000000000000000000000000000000000000000000no01" }
wheels = [
    { url = "https://files.pythonhosted.org/packages/placeholder/nodeenv-1.9.1-py2.py3-none-any.whl", hash = "sha256:0000000000000000000000000000000000000000000000000000000000no02" },
]

[[package]]
name = "virtualenv"
version = "20.35.3"
source = { registry = "https://pypi.org/simple" }
dependencies = [
    { name = "distlib" },
    { name = "filelock" },
    { name = "platformdirs" },
]
sdist = { url = "https://files.pythonhosted.org/packages/placeholder/virtualenv-20.35.3.tar.gz", hash = "sha256:0000000000000000000000000000000000000000000000000000000000ve01" }
wheels = [
    { url = "https://files.pythonhosted.org/packages/placeholder/virtualenv-20.35.3-py3-none-any.whl", hash = "sha256:0000000000000000000000000000000000000000000000000000000000ve02" },
]

[[package]]
name = "distlib"
version = "0.4.0"
source = { registry = "https://pypi.org/simple" }
sdist = { url = "https://files.pythonhosted.org/packages/placeholder/distlib-0.4.0.tar.gz", hash = "sha256:0000000000000000000000000000000000000000000000000000000000di01" }
wheels = [
    { url = "https://files.pythonhosted.org/packages/placeholder/distlib-0.4.0-py2.py3-none-any.whl", hash = "sha256:0000000000000000000000000000000000000000000000000000000000di02" },
]

[[package]]
name = "filelock"
version = "3.19.1"
source = { registry = "https://pypi.org/simple" }
sdist = { url = "https://files.pythonhosted.org/packages/placeholder/filelock-3.19.1.tar.gz", hash = "sha256:0000000000000000000000000000000000000000000000000000000000fl01" }
wheels = [
    { url = "https://files.pythonhosted.org/packages/placeholder/filelock-3.19.1-py3-none-any.whl", hash = "sha256:0000000000000000000000000000000000000000000000000000000000fl02" },
]

[[package]]
name = "platformdirs"
version = "4.4.0"
source = { registry = "https://pypi.org/simple" }
sdist = { url = "https://files.pythonhosted.org/packages/placeholder/platformdirs-4.4.0.tar.gz", hash = "sha256:0000000000000000000000000000000000000000000000000000000000pd01" }
wheels = [
    { url = "https://files.pythonhosted.org/packages/placeholder/platformdirs-4.4.0-py3-none-any.whl", hash = "sha256:0000000000000000000000000000000000000000000000000000000000pd02" },
]
